
Microsoft Visual Studio Solution File, Format Version 12.00
# Visual Studio Version 17
VisualStudioVersion = 17.9.34607.119
MinimumVisualStudioVersion = 10.0.40219.1
Project("{9A19103F-16F7-4668-BE54-9A1E7A4F7556}") = "Infra.WebApi", "Share.WebApi\Infra.WebApi.csproj", "{5C4C19B2-F733-4D92-91D1-69469B594280}"
EndProject
Project("{2150E333-8FDC-42A3-9474-1A3956D46DE8}") = "Infrastructures", "Infrastructures", "{4AC7F044-DAE7-465D-B29C-A7422AB600B1}"
EndProject
Project("{9A19103F-16F7-4668-BE54-9A1E7A4F7556}") = "Infra.EF.PG", "Infra.EF.PG\Infra.EF.PG.csproj", "{ADBC6913-3672-4480-AAED-DF7AFFF7413C}"
EndProject
Project("{9A19103F-16F7-4668-BE54-9A1E7A4F7556}") = "Infra.Core", "Infra.Core\Infra.Core.csproj", "{7FEFA17A-7C9F-489E-8440-591167816495}"
EndProject
Project("{9A19103F-16F7-4668-BE54-9A1E7A4F7556}") = "Infra.Consul", "Infra.Consul\Infra.Consul.csproj", "{EEF44084-D380-4E29-94D8-BE0F4E7A669E}"
EndProject
Project("{9A19103F-16F7-4668-BE54-9A1E7A4F7556}") = "Infra.Cache", "Infra.Cache\Infra.Cache.csproj", "{D70AB41D-2106-4B7D-B25D-1DF3C5FC797D}"
EndProject
Project("{2150E333-8FDC-42A3-9474-1A3956D46DE8}") = "GateWay", "GateWay", "{47499530-E18D-4DC9-B921-DEF275CAE1D8}"
EndProject
Project("{9A19103F-16F7-4668-BE54-9A1E7A4F7556}") = "GateWay.Ocelot", "GateWay.Ocelot\GateWay.Ocelot.csproj", "{B8CFE6F0-F88D-4C14-9953-913AEEA49A18}"
EndProject
Project("{2150E333-8FDC-42A3-9474-1A3956D46DE8}") = "Demo", "Demo", "{F4F4B1F2-3FE6-469F-97A7-2593025496C8}"
EndProject
Project("{FAE04EC0-301F-11D3-BF4B-00C04F79EFBC}") = "Infra.IdGenerater", "Infra.IdGenerater\Infra.IdGenerater.csproj", "{60CE137C-70B2-4F9F-A4A2-5357B09F8EBC}"
EndProject
Project("{FAE04EC0-301F-11D3-BF4B-00C04F79EFBC}") = "DDDFrameSample", "DDDFrameSample\DDDFrameSample.csproj", "{6FA1066D-5558-442C-887F-DEC371C33129}"
EndProject
Project("{FAE04EC0-301F-11D3-BF4B-00C04F79EFBC}") = "DDDFrameSample.Application", "DDDFrameSample.Application\DDDFrameSample.Application.csproj", "{3C1CAB4D-DCDC-4519-A436-394C3553B904}"
EndProject
Project("{FAE04EC0-301F-11D3-BF4B-00C04F79EFBC}") = "DDDFrameSample.Domain", "DDDFrameSample.Domain\DDDFrameSample.Domain.csproj", "{4D96C532-AE69-45CB-8621-23B4AD8F9394}"
EndProject
Project("{FAE04EC0-301F-11D3-BF4B-00C04F79EFBC}") = "DDDFrameSample.Migrations", "DDDFrameSample.Migrations\DDDFrameSample.Migrations.csproj", "{2DC1002C-E6C6-4118-8653-0D89B2D841B2}"
EndProject
Project("{FAE04EC0-301F-11D3-BF4B-00C04F79EFBC}") = "DDDFrameSample.Application.Contract", "DDDFrameSample.Application.Contract\DDDFrameSample.Application.Contract.csproj", "{60B4396F-F328-4003-B6E7-6E4D47E2E23B}"
EndProject
Project("{FAE04EC0-301F-11D3-BF4B-00C04F79EFBC}") = "UniversalRPC", "..\..\UniversalRpc\UniversalRpc\UniversalRPC.csproj", "{1AFDDD62-B775-4579-9F19-BA27CEFC7E39}"
EndProject
Global
	GlobalSection(SolutionConfigurationPlatforms) = preSolution
		Debug|Any CPU = Debug|Any CPU
		Release|Any CPU = Release|Any CPU
	EndGlobalSection
	GlobalSection(ProjectConfigurationPlatforms) = postSolution
		{5C4C19B2-F733-4D92-91D1-69469B594280}.Debug|Any CPU.ActiveCfg = Debug|Any CPU
		{5C4C19B2-F733-4D92-91D1-69469B594280}.Debug|Any CPU.Build.0 = Debug|Any CPU
		{5C4C19B2-F733-4D92-91D1-69469B594280}.Release|Any CPU.ActiveCfg = Release|Any CPU
		{5C4C19B2-F733-4D92-91D1-69469B594280}.Release|Any CPU.Build.0 = Release|Any CPU
		{ADBC6913-3672-4480-AAED-DF7AFFF7413C}.Debug|Any CPU.ActiveCfg = Debug|Any CPU
		{ADBC6913-3672-4480-AAED-DF7AFFF7413C}.Debug|Any CPU.Build.0 = Debug|Any CPU
		{ADBC6913-3672-4480-AAED-DF7AFFF7413C}.Release|Any CPU.ActiveCfg = Release|Any CPU
		{ADBC6913-3672-4480-AAED-DF7AFFF7413C}.Release|Any CPU.Build.0 = Release|Any CPU
		{7FEFA17A-7C9F-489E-8440-591167816495}.Debug|Any CPU.ActiveCfg = Debug|Any CPU
		{7FEFA17A-7C9F-489E-8440-591167816495}.Debug|Any CPU.Build.0 = Debug|Any CPU
		{7FEFA17A-7C9F-489E-8440-591167816495}.Release|Any CPU.ActiveCfg = Release|Any CPU
		{7FEFA17A-7C9F-489E-8440-591167816495}.Release|Any CPU.Build.0 = Release|Any CPU
		{EEF44084-D380-4E29-94D8-BE0F4E7A669E}.Debug|Any CPU.ActiveCfg = Debug|Any CPU
		{EEF44084-D380-4E29-94D8-BE0F4E7A669E}.Debug|Any CPU.Build.0 = Debug|Any CPU
		{EEF44084-D380-4E29-94D8-BE0F4E7A669E}.Release|Any CPU.ActiveCfg = Release|Any CPU
		{EEF44084-D380-4E29-94D8-BE0F4E7A669E}.Release|Any CPU.Build.0 = Release|Any CPU
		{D70AB41D-2106-4B7D-B25D-1DF3C5FC797D}.Debug|Any CPU.ActiveCfg = Debug|Any CPU
		{D70AB41D-2106-4B7D-B25D-1DF3C5FC797D}.Debug|Any CPU.Build.0 = Debug|Any CPU
		{D70AB41D-2106-4B7D-B25D-1DF3C5FC797D}.Release|Any CPU.ActiveCfg = Release|Any CPU
		{D70AB41D-2106-4B7D-B25D-1DF3C5FC797D}.Release|Any CPU.Build.0 = Release|Any CPU
		{B8CFE6F0-F88D-4C14-9953-913AEEA49A18}.Debug|Any CPU.ActiveCfg = Debug|Any CPU
		{B8CFE6F0-F88D-4C14-9953-913AEEA49A18}.Debug|Any CPU.Build.0 = Debug|Any CPU
		{B8CFE6F0-F88D-4C14-9953-913AEEA49A18}.Release|Any CPU.ActiveCfg = Release|Any CPU
		{B8CFE6F0-F88D-4C14-9953-913AEEA49A18}.Release|Any CPU.Build.0 = Release|Any CPU
		{60CE137C-70B2-4F9F-A4A2-5357B09F8EBC}.Debug|Any CPU.ActiveCfg = Debug|Any CPU
		{60CE137C-70B2-4F9F-A4A2-5357B09F8EBC}.Debug|Any CPU.Build.0 = Debug|Any CPU
		{60CE137C-70B2-4F9F-A4A2-5357B09F8EBC}.Release|Any CPU.ActiveCfg = Release|Any CPU
		{60CE137C-70B2-4F9F-A4A2-5357B09F8EBC}.Release|Any CPU.Build.0 = Release|Any CPU
		{6FA1066D-5558-442C-887F-DEC371C33129}.Debug|Any CPU.ActiveCfg = Debug|Any CPU
		{6FA1066D-5558-442C-887F-DEC371C33129}.Debug|Any CPU.Build.0 = Debug|Any CPU
		{6FA1066D-5558-442C-887F-DEC371C33129}.Release|Any CPU.ActiveCfg = Release|Any CPU
		{6FA1066D-5558-442C-887F-DEC371C33129}.Release|Any CPU.Build.0 = Release|Any CPU
		{3C1CAB4D-DCDC-4519-A436-394C3553B904}.Debug|Any CPU.ActiveCfg = Debug|Any CPU
		{3C1CAB4D-DCDC-4519-A436-394C3553B904}.Debug|Any CPU.Build.0 = Debug|Any CPU
		{3C1CAB4D-DCDC-4519-A436-394C3553B904}.Release|Any CPU.ActiveCfg = Release|Any CPU
		{3C1CAB4D-DCDC-4519-A436-394C3553B904}.Release|Any CPU.Build.0 = Release|Any CPU
		{4D96C532-AE69-45CB-8621-23B4AD8F9394}.Debug|Any CPU.ActiveCfg = Debug|Any CPU
		{4D96C532-AE69-45CB-8621-23B4AD8F9394}.Debug|Any CPU.Build.0 = Debug|Any CPU
		{4D96C532-AE69-45CB-8621-23B4AD8F9394}.Release|Any CPU.ActiveCfg = Release|Any CPU
		{4D96C532-AE69-45CB-8621-23B4AD8F9394}.Release|Any CPU.Build.0 = Release|Any CPU
		{2DC1002C-E6C6-4118-8653-0D89B2D841B2}.Debug|Any CPU.ActiveCfg = Debug|Any CPU
		{2DC1002C-E6C6-4118-8653-0D89B2D841B2}.Debug|Any CPU.Build.0 = Debug|Any CPU
		{2DC1002C-E6C6-4118-8653-0D89B2D841B2}.Release|Any CPU.ActiveCfg = Release|Any CPU
		{2DC1002C-E6C6-4118-8653-0D89B2D841B2}.Release|Any CPU.Build.0 = Release|Any CPU
		{60B4396F-F328-4003-B6E7-6E4D47E2E23B}.Debug|Any CPU.ActiveCfg = Debug|Any CPU
		{60B4396F-F328-4003-B6E7-6E4D47E2E23B}.Debug|Any CPU.Build.0 = Debug|Any CPU
		{60B4396F-F328-4003-B6E7-6E4D47E2E23B}.Release|Any CPU.ActiveCfg = Release|Any CPU
		{60B4396F-F328-4003-B6E7-6E4D47E2E23B}.Release|Any CPU.Build.0 = Release|Any CPU
		{1AFDDD62-B775-4579-9F19-BA27CEFC7E39}.Debug|Any CPU.ActiveCfg = Debug|Any CPU
		{1AFDDD62-B775-4579-9F19-BA27CEFC7E39}.Debug|Any CPU.Build.0 = Debug|Any CPU
		{1AFDDD62-B775-4579-9F19-BA27CEFC7E39}.Release|Any CPU.ActiveCfg = Release|Any CPU
		{1AFDDD62-B775-4579-9F19-BA27CEFC7E39}.Release|Any CPU.Build.0 = Release|Any CPU
	EndGlobalSection
	GlobalSection(SolutionProperties) = preSolution
		HideSolutionNode = FALSE
	EndGlobalSection
	GlobalSection(NestedProjects) = preSolution
		{5C4C19B2-F733-4D92-91D1-69469B594280} = {4AC7F044-DAE7-465D-B29C-A7422AB600B1}
		{ADBC6913-3672-4480-AAED-DF7AFFF7413C} = {4AC7F044-DAE7-465D-B29C-A7422AB600B1}
		{7FEFA17A-7C9F-489E-8440-591167816495} = {4AC7F044-DAE7-465D-B29C-A7422AB600B1}
		{EEF44084-D380-4E29-94D8-BE0F4E7A669E} = {4AC7F044-DAE7-465D-B29C-A7422AB600B1}
		{D70AB41D-2106-4B7D-B25D-1DF3C5FC797D} = {4AC7F044-DAE7-465D-B29C-A7422AB600B1}
		{B8CFE6F0-F88D-4C14-9953-913AEEA49A18} = {47499530-E18D-4DC9-B921-DEF275CAE1D8}
		{60CE137C-70B2-4F9F-A4A2-5357B09F8EBC} = {4AC7F044-DAE7-465D-B29C-A7422AB600B1}
		{6FA1066D-5558-442C-887F-DEC371C33129} = {F4F4B1F2-3FE6-469F-97A7-2593025496C8}
		{3C1CAB4D-DCDC-4519-A436-394C3553B904} = {F4F4B1F2-3FE6-469F-97A7-2593025496C8}
		{4D96C532-AE69-45CB-8621-23B4AD8F9394} = {F4F4B1F2-3FE6-469F-97A7-2593025496C8}
		{2DC1002C-E6C6-4118-8653-0D89B2D841B2} = {F4F4B1F2-3FE6-469F-97A7-2593025496C8}
		{60B4396F-F328-4003-B6E7-6E4D47E2E23B} = {F4F4B1F2-3FE6-469F-97A7-2593025496C8}
		{1AFDDD62-B775-4579-9F19-BA27CEFC7E39} = {4AC7F044-DAE7-465D-B29C-A7422AB600B1}
	EndGlobalSection
	GlobalSection(ExtensibilityGlobals) = postSolution
		SolutionGuid = {D5456616-63EA-43DE-92B6-257462BEF983}
	EndGlobalSection
EndGlobal
